{
  "name": "@vokoloven/react-application-template",
  "version": "1.0.0",
  "lockfileVersion": 3,
  "requires": true,
  "packages": {
    "": {
      "name": "@vokoloven/react-application-template",
      "version": "1.0.0",
      "license": "MIT",
      "bin": {
        "react-application-template": "bin/cli.js"
      },
      "engines": {
        "node": ">=14.0.0"
      }
    }
  }
}
